// !$*UTF8*$!
{
	archiveVersion = 1;
	classes = {
	};
	objectVersion = 55;
	objects = {

/* Begin PBXBuildFile section */
		C17F9F992866B6C700DBD88F /* BadgeSymbol.swift in Sources */ = {isa = PBXBuildFile; fileRef = C17F9F982866B6C700DBD88F /* BadgeSymbol.swift */; };
		C17F9F9B2866B82600DBD88F /* RotateBadgeSymbol.swift in Sources */ = {isa = PBXBuildFile; fileRef = C17F9F9A2866B82600DBD88F /* RotateBadgeSymbol.swift */; };
		C17F9F9D2866B86300DBD88F /* Badge.swift in Sources */ = {isa = PBXBuildFile; fileRef = C17F9F9C2866B86300DBD88F /* Badge.swift */; };
		C18682BA283F5E8100F5F308 /* SwiftUITutorialsApp.swift in Sources */ = {isa = PBXBuildFile; fileRef = C18682B9283F5E8100F5F308 /* SwiftUITutorialsApp.swift */; };
		C18682BC283F5E8100F5F308 /* ContentView.swift in Sources */ = {isa = PBXBuildFile; fileRef = C18682BB283F5E8100F5F308 /* ContentView.swift */; };
		C18682BE283F5E8500F5F308 /* Assets.xcassets in Resources */ = {isa = PBXBuildFile; fileRef = C18682BD283F5E8500F5F308 /* Assets.xcassets */; };
		C18682C1283F5E8500F5F308 /* Preview Assets.xcassets in Resources */ = {isa = PBXBuildFile; fileRef = C18682C0283F5E8500F5F308 /* Preview Assets.xcassets */; };
		C18682CB283F5E8500F5F308 /* SwiftUITutorialsTests.swift in Sources */ = {isa = PBXBuildFile; fileRef = C18682CA283F5E8500F5F308 /* SwiftUITutorialsTests.swift */; };
		C18682D5283F5E8500F5F308 /* SwiftUITutorialsUITests.swift in Sources */ = {isa = PBXBuildFile; fileRef = C18682D4283F5E8500F5F308 /* SwiftUITutorialsUITests.swift */; };
		C18682D7283F5E8500F5F308 /* SwiftUITutorialsUITestsLaunchTests.swift in Sources */ = {isa = PBXBuildFile; fileRef = C18682D6283F5E8500F5F308 /* SwiftUITutorialsUITestsLaunchTests.swift */; };
		C18682E4283F68A000F5F308 /* CircleImage.swift in Sources */ = {isa = PBXBuildFile; fileRef = C18682E3283F68A000F5F308 /* CircleImage.swift */; };
		C18682E6283F6B9400F5F308 /* MapView.swift in Sources */ = {isa = PBXBuildFile; fileRef = C18682E5283F6B9400F5F308 /* MapView.swift */; };
		C18682E8283F70F800F5F308 /* landmarkData.json in Resources */ = {isa = PBXBuildFile; fileRef = C18682E7283F70F800F5F308 /* landmarkData.json */; };
		C18682EA283F713900F5F308 /* Landmark.swift in Sources */ = {isa = PBXBuildFile; fileRef = C18682E9283F713900F5F308 /* Landmark.swift */; };
		C18682EC283F73C400F5F308 /* ModelData.swift in Sources */ = {isa = PBXBuildFile; fileRef = C18682EB283F73C400F5F308 /* ModelData.swift */; };
		C18682FA283F791400F5F308 /* LandmarkRow.swift in Sources */ = {isa = PBXBuildFile; fileRef = C18682F9283F791400F5F308 /* LandmarkRow.swift */; };
		C18682FE283F8A5D00F5F308 /* LandmarkList.swift in Sources */ = {isa = PBXBuildFile; fileRef = C18682FD283F8A5D00F5F308 /* LandmarkList.swift */; };
		C1868300283F8C8000F5F308 /* LandmarkDetail.swift in Sources */ = {isa = PBXBuildFile; fileRef = C18682FF283F8C8000F5F308 /* LandmarkDetail.swift */; };
		C1A96D492860CFBD00ABA60D /* FavoriteButton.swift in Sources */ = {isa = PBXBuildFile; fileRef = C1A96D482860CFBD00ABA60D /* FavoriteButton.swift */; };
		C1E320CF2866A884003C9F41 /* HexagonParameters.swift in Sources */ = {isa = PBXBuildFile; fileRef = C1E320CE2866A884003C9F41 /* HexagonParameters.swift */; };
		C1E320D12866AA57003C9F41 /* BadgeBackground.swift in Sources */ = {isa = PBXBuildFile; fileRef = C1E320D02866AA57003C9F41 /* BadgeBackground.swift */; };
/* End PBXBuildFile section */

/* Begin PBXContainerItemProxy section */
		C18682C7283F5E8500F5F308 /* PBXContainerItemProxy */ = {
			isa = PBXContainerItemProxy;
			containerPortal = C18682AE283F5E8100F5F308 /* Project object */;
			proxyType = 1;
			remoteGlobalIDString = C18682B5283F5E8100F5F308;
			remoteInfo = SwiftUITutorials;
		};
		C18682D1283F5E8500F5F308 /* PBXContainerItemProxy */ = {
			isa = PBXContainerItemProxy;
			containerPortal = C18682AE283F5E8100F5F308 /* Project object */;
			proxyType = 1;
			remoteGlobalIDString = C18682B5283F5E8100F5F308;
			remoteInfo = SwiftUITutorials;
		};
/* End PBXContainerItemProxy section */

/* Begin PBXFileReference section */
		C17F9F982866B6C700DBD88F /* BadgeSymbol.swift */ = {isa = PBXFileReference; lastKnownFileType = sourcecode.swift; path = BadgeSymbol.swift; sourceTree = "<group>"; };
		C17F9F9A2866B82600DBD88F /* RotateBadgeSymbol.swift */ = {isa = PBXFileReference; lastKnownFileType = sourcecode.swift; path = RotateBadgeSymbol.swift; sourceTree = "<group>"; };
		C17F9F9C2866B86300DBD88F /* Badge.swift */ = {isa = PBXFileReference; lastKnownFileType = sourcecode.swift; path = Badge.swift; sourceTree = "<group>"; };
		C18682B6283F5E8100F5F308 /* SwiftUITutorials.app */ = {isa = PBXFileReference; explicitFileType = wrapper.application; includeInIndex = 0; path = SwiftUITutorials.app; sourceTree = BUILT_PRODUCTS_DIR; };
		C18682B9283F5E8100F5F308 /* SwiftUITutorialsApp.swift */ = {isa = PBXFileReference; lastKnownFileType = sourcecode.swift; path = SwiftUITutorialsApp.swift; sourceTree = "<group>"; };
		C18682BB283F5E8100F5F308 /* ContentView.swift */ = {isa = PBXFileReference; lastKnownFileType = sourcecode.swift; path = ContentView.swift; sourceTree = "<group>"; };
		C18682BD283F5E8500F5F308 /* Assets.xcassets */ = {isa = PBXFileReference; lastKnownFileType = folder.assetcatalog; path = Assets.xcassets; sourceTree = "<group>"; };
		C18682C0283F5E8500F5F308 /* Preview Assets.xcassets */ = {isa = PBXFileReference; lastKnownFileType = folder.assetcatalog; path = "Preview Assets.xcassets"; sourceTree = "<group>"; };
		C18682C6283F5E8500F5F308 /* SwiftUITutorialsTests.xctest */ = {isa = PBXFileReference; explicitFileType = wrapper.cfbundle; includeInIndex = 0; path = SwiftUITutorialsTests.xctest; sourceTree = BUILT_PRODUCTS_DIR; };
		C18682CA283F5E8500F5F308 /* SwiftUITutorialsTests.swift */ = {isa = PBXFileReference; lastKnownFileType = sourcecode.swift; path = SwiftUITutorialsTests.swift; sourceTree = "<group>"; };
		C18682D0283F5E8500F5F308 /* SwiftUITutorialsUITests.xctest */ = {isa = PBXFileReference; explicitFileType = wrapper.cfbundle; includeInIndex = 0; path = SwiftUITutorialsUITests.xctest; sourceTree = BUILT_PRODUCTS_DIR; };
		C18682D4283F5E8500F5F308 /* SwiftUITutorialsUITests.swift */ = {isa = PBXFileReference; lastKnownFileType = sourcecode.swift; path = SwiftUITutorialsUITests.swift; sourceTree = "<group>"; };
		C18682D6283F5E8500F5F308 /* SwiftUITutorialsUITestsLaunchTests.swift */ = {isa = PBXFileReference; lastKnownFileType = sourcecode.swift; path = SwiftUITutorialsUITestsLaunchTests.swift; sourceTree = "<group>"; };
		C18682E3283F68A000F5F308 /* CircleImage.swift */ = {isa = PBXFileReference; lastKnownFileType = sourcecode.swift; path = CircleImage.swift; sourceTree = "<group>"; };
		C18682E5283F6B9400F5F308 /* MapView.swift */ = {isa = PBXFileReference; lastKnownFileType = sourcecode.swift; path = MapView.swift; sourceTree = "<group>"; };
		C18682E7283F70F800F5F308 /* landmarkData.json */ = {isa = PBXFileReference; fileEncoding = 4; lastKnownFileType = text.json; path = landmarkData.json; sourceTree = "<group>"; };
		C18682E9283F713900F5F308 /* Landmark.swift */ = {isa = PBXFileReference; lastKnownFileType = sourcecode.swift; path = Landmark.swift; sourceTree = "<group>"; };
		C18682EB283F73C400F5F308 /* ModelData.swift */ = {isa = PBXFileReference; lastKnownFileType = sourcecode.swift; path = ModelData.swift; sourceTree = "<group>"; };
		C18682F9283F791400F5F308 /* LandmarkRow.swift */ = {isa = PBXFileReference; lastKnownFileType = sourcecode.swift; name = LandmarkRow.swift; path = SwiftUITutorials/Views/Landmarks/LandmarkRow.swift; sourceTree = SOURCE_ROOT; };
		C18682FD283F8A5D00F5F308 /* LandmarkList.swift */ = {isa = PBXFileReference; lastKnownFileType = sourcecode.swift; path = LandmarkList.swift; sourceTree = "<group>"; };
		C18682FF283F8C8000F5F308 /* LandmarkDetail.swift */ = {isa = PBXFileReference; lastKnownFileType = sourcecode.swift; path = LandmarkDetail.swift; sourceTree = "<group>"; };
		C1A96D482860CFBD00ABA60D /* FavoriteButton.swift */ = {isa = PBXFileReference; lastKnownFileType = sourcecode.swift; path = FavoriteButton.swift; sourceTree = "<group>"; };
		C1E320CE2866A884003C9F41 /* HexagonParameters.swift */ = {isa = PBXFileReference; lastKnownFileType = sourcecode.swift; path = HexagonParameters.swift; sourceTree = "<group>"; };
		C1E320D02866AA57003C9F41 /* BadgeBackground.swift */ = {isa = PBXFileReference; lastKnownFileType = sourcecode.swift; path = BadgeBackground.swift; sourceTree = "<group>"; };
/* End PBXFileReference section */

/* Begin PBXFrameworksBuildPhase section */
		C18682B3283F5E8100F5F308 /* Frameworks */ = {
			isa = PBXFrameworksBuildPhase;
			buildActionMask = 2147483647;
			files = (
			);
			runOnlyForDeploymentPostprocessing = 0;
		};
		C18682C3283F5E8500F5F308 /* Frameworks */ = {
			isa = PBXFrameworksBuildPhase;
			buildActionMask = 2147483647;
			files = (
			);
			runOnlyForDeploymentPostprocessing = 0;
		};
		C18682CD283F5E8500F5F308 /* Frameworks */ = {
			isa = PBXFrameworksBuildPhase;
			buildActionMask = 2147483647;
			files = (
			);
			runOnlyForDeploymentPostprocessing = 0;
		};
/* End PBXFrameworksBuildPhase section */

/* Begin PBXGroup section */
		C17F9F9E2866B8FD00DBD88F /* Badges */ = {
			isa = PBXGroup;
			children = (
				C17F9F9C2866B86300DBD88F /* Badge.swift */,
				C1E320CE2866A884003C9F41 /* HexagonParameters.swift */,
				C1E320D02866AA57003C9F41 /* BadgeBackground.swift */,
				C17F9F982866B6C700DBD88F /* BadgeSymbol.swift */,
				C17F9F9A2866B82600DBD88F /* RotateBadgeSymbol.swift */,
			);
			path = Badges;
			sourceTree = "<group>";
		};
		C18682AD283F5E8100F5F308 = {
			isa = PBXGroup;
			children = (
				C18682B8283F5E8100F5F308 /* SwiftUITutorials */,
				C18682C9283F5E8500F5F308 /* SwiftUITutorialsTests */,
				C18682D3283F5E8500F5F308 /* SwiftUITutorialsUITests */,
				C18682B7283F5E8100F5F308 /* Products */,
			);
			sourceTree = "<group>";
		};
		C18682B7283F5E8100F5F308 /* Products */ = {
			isa = PBXGroup;
			children = (
				C18682B6283F5E8100F5F308 /* SwiftUITutorials.app */,
				C18682C6283F5E8500F5F308 /* SwiftUITutorialsTests.xctest */,
				C18682D0283F5E8500F5F308 /* SwiftUITutorialsUITests.xctest */,
			);
			name = Products;
			sourceTree = "<group>";
		};
		C18682B8283F5E8100F5F308 /* SwiftUITutorials */ = {
			isa = PBXGroup;
			children = (
				C18682FC283F84A000F5F308 /* Views */,
				C18682F2283F751600F5F308 /* Resources */,
				C18682FB283F844F00F5F308 /* Model */,
				C18682B9283F5E8100F5F308 /* SwiftUITutorialsApp.swift */,
				C18682BD283F5E8500F5F308 /* Assets.xcassets */,
				C18682BF283F5E8500F5F308 /* Preview Content */,
			);
			path = SwiftUITutorials;
			sourceTree = "<group>";
		};
		C18682BF283F5E8500F5F308 /* Preview Content */ = {
			isa = PBXGroup;
			children = (
				C18682C0283F5E8500F5F308 /* Preview Assets.xcassets */,
			);
			path = "Preview Content";
			sourceTree = "<group>";
		};
		C18682C9283F5E8500F5F308 /* SwiftUITutorialsTests */ = {
			isa = PBXGroup;
			children = (
				C18682CA283F5E8500F5F308 /* SwiftUITutorialsTests.swift */,
			);
			path = SwiftUITutorialsTests;
			sourceTree = "<group>";
		};
		C18682D3283F5E8500F5F308 /* SwiftUITutorialsUITests */ = {
			isa = PBXGroup;
			children = (
				C18682D4283F5E8500F5F308 /* SwiftUITutorialsUITests.swift */,
				C18682D6283F5E8500F5F308 /* SwiftUITutorialsUITestsLaunchTests.swift */,
			);
			path = SwiftUITutorialsUITests;
			sourceTree = "<group>";
		};
		C18682F2283F751600F5F308 /* Resources */ = {
			isa = PBXGroup;
			children = (
				C18682E7283F70F800F5F308 /* landmarkData.json */,
			);
			path = Resources;
			sourceTree = "<group>";
		};
		C18682FB283F844F00F5F308 /* Model */ = {
			isa = PBXGroup;
			children = (
				C18682E9283F713900F5F308 /* Landmark.swift */,
				C18682EB283F73C400F5F308 /* ModelData.swift */,
			);
			path = Model;
			sourceTree = "<group>";
		};
		C18682FC283F84A000F5F308 /* Views */ = {
			isa = PBXGroup;
			children = (
				C17F9F9E2866B8FD00DBD88F /* Badges */,
				C1A96D4C2860D16D00ABA60D /* Helpers */,
				C1A96D4B2860D14500ABA60D /* Landmarks */,
				C18682BB283F5E8100F5F308 /* ContentView.swift */,
			);
			path = Views;
			sourceTree = "<group>";
		};
		C1A96D4B2860D14500ABA60D /* Landmarks */ = {
			isa = PBXGroup;
			children = (
				C18682F9283F791400F5F308 /* LandmarkRow.swift */,
				C18682FD283F8A5D00F5F308 /* LandmarkList.swift */,
				C18682FF283F8C8000F5F308 /* LandmarkDetail.swift */,
			);
			path = Landmarks;
			sourceTree = "<group>";
		};
		C1A96D4C2860D16D00ABA60D /* Helpers */ = {
			isa = PBXGroup;
			children = (
				C18682E3283F68A000F5F308 /* CircleImage.swift */,
				C18682E5283F6B9400F5F308 /* MapView.swift */,
				C1A96D482860CFBD00ABA60D /* FavoriteButton.swift */,
			);
			path = Helpers;
			sourceTree = "<group>";
		};
/* End PBXGroup section */

/* Begin PBXNativeTarget section */
		C18682B5283F5E8100F5F308 /* SwiftUITutorials */ = {
			isa = PBXNativeTarget;
			buildConfigurationList = C18682DA283F5E8500F5F308 /* Build configuration list for PBXNativeTarget "SwiftUITutorials" */;
			buildPhases = (
				C18682B2283F5E8100F5F308 /* Sources */,
				C18682B3283F5E8100F5F308 /* Frameworks */,
				C18682B4283F5E8100F5F308 /* Resources */,
			);
			buildRules = (
			);
			dependencies = (
			);
			name = SwiftUITutorials;
			productName = SwiftUITutorials;
			productReference = C18682B6283F5E8100F5F308 /* SwiftUITutorials.app */;
			productType = "com.apple.product-type.application";
		};
		C18682C5283F5E8500F5F308 /* SwiftUITutorialsTests */ = {
			isa = PBXNativeTarget;
			buildConfigurationList = C18682DD283F5E8500F5F308 /* Build configuration list for PBXNativeTarget "SwiftUITutorialsTests" */;
			buildPhases = (
				C18682C2283F5E8500F5F308 /* Sources */,
				C18682C3283F5E8500F5F308 /* Frameworks */,
				C18682C4283F5E8500F5F308 /* Resources */,
			);
			buildRules = (
			);
			dependencies = (
				C18682C8283F5E8500F5F308 /* PBXTargetDependency */,
			);
			name = SwiftUITutorialsTests;
			productName = SwiftUITutorialsTests;
			productReference = C18682C6283F5E8500F5F308 /* SwiftUITutorialsTests.xctest */;
			productType = "com.apple.product-type.bundle.unit-test";
		};
		C18682CF283F5E8500F5F308 /* SwiftUITutorialsUITests */ = {
			isa = PBXNativeTarget;
			buildConfigurationList = C18682E0283F5E8500F5F308 /* Build configuration list for PBXNativeTarget "SwiftUITutorialsUITests" */;
			buildPhases = (
				C18682CC283F5E8500F5F308 /* Sources */,
				C18682CD283F5E8500F5F308 /* Frameworks */,
				C18682CE283F5E8500F5F308 /* Resources */,
			);
			buildRules = (
			);
			dependencies = (
				C18682D2283F5E8500F5F308 /* PBXTargetDependency */,
			);
			name = SwiftUITutorialsUITests;
			productName = SwiftUITutorialsUITests;
			productReference = C18682D0283F5E8500F5F308 /* SwiftUITutorialsUITests.xctest */;
			productType = "com.apple.product-type.bundle.ui-testing";
		};
/* End PBXNativeTarget section */

/* Begin PBXProject section */
		C18682AE283F5E8100F5F308 /* Project object */ = {
			isa = PBXProject;
			attributes = {
				BuildIndependentTargetsInParallel = 1;
				LastSwiftUpdateCheck = 1340;
				LastUpgradeCheck = 1340;
				TargetAttributes = {
					C18682B5283F5E8100F5F308 = {
						CreatedOnToolsVersion = 13.4;
					};
					C18682C5283F5E8500F5F308 = {
						CreatedOnToolsVersion = 13.4;
						TestTargetID = C18682B5283F5E8100F5F308;
					};
					C18682CF283F5E8500F5F308 = {
						CreatedOnToolsVersion = 13.4;
						TestTargetID = C18682B5283F5E8100F5F308;
					};
				};
			};
			buildConfigurationList = C18682B1283F5E8100F5F308 /* Build configuration list for PBXProject "SwiftUITutorials" */;
			compatibilityVersion = "Xcode 13.0";
			developmentRegion = en;
			hasScannedForEncodings = 0;
			knownRegions = (
				en,
				Base,
			);
			mainGroup = C18682AD283F5E8100F5F308;
			productRefGroup = C18682B7283F5E8100F5F308 /* Products */;
			projectDirPath = "";
			projectRoot = "";
			targets = (
				C18682B5283F5E8100F5F308 /* SwiftUITutorials */,
				C18682C5283F5E8500F5F308 /* SwiftUITutorialsTests */,
				C18682CF283F5E8500F5F308 /* SwiftUITutorialsUITests */,
			);
		};
/* End PBXProject section */

/* Begin PBXResourcesBuildPhase section */
		C18682B4283F5E8100F5F308 /* Resources */ = {
			isa = PBXResourcesBuildPhase;
			buildActionMask = 2147483647;
			files = (
				C18682C1283F5E8500F5F308 /* Preview Assets.xcassets in Resources */,
				C18682BE283F5E8500F5F308 /* Assets.xcassets in Resources */,
				C18682E8283F70F800F5F308 /* landmarkData.json in Resources */,
			);
			runOnlyForDeploymentPostprocessing = 0;
		};
		C18682C4283F5E8500F5F308 /* Resources */ = {
			isa = PBXResourcesBuildPhase;
			buildActionMask = 2147483647;
			files = (
			);
			runOnlyForDeploymentPostprocessing = 0;
		};
		C18682CE283F5E8500F5F308 /* Resources */ = {
			isa = PBXResourcesBuildPhase;
			buildActionMask = 2147483647;
			files = (
			);
			runOnlyForDeploymentPostprocessing = 0;
		};
/* End PBXResourcesBuildPhase section */

/* Begin PBXSourcesBuildPhase section */
		C18682B2283F5E8100F5F308 /* Sources */ = {
			isa = PBXSourcesBuildPhase;
			buildActionMask = 2147483647;
			files = (
				C18682BC283F5E8100F5F308 /* ContentView.swift in Sources */,
				C17F9F9D2866B86300DBD88F /* Badge.swift in Sources */,
				C18682E6283F6B9400F5F308 /* MapView.swift in Sources */,
				C17F9F9B2866B82600DBD88F /* RotateBadgeSymbol.swift in Sources */,
				C18682BA283F5E8100F5F308 /* SwiftUITutorialsApp.swift in Sources */,
				C1A96D492860CFBD00ABA60D /* FavoriteButton.swift in Sources */,
				C18682FE283F8A5D00F5F308 /* LandmarkList.swift in Sources */,
				C17F9F992866B6C700DBD88F /* BadgeSymbol.swift in Sources */,
				C1868300283F8C8000F5F308 /* LandmarkDetail.swift in Sources */,
				C18682E4283F68A000F5F308 /* CircleImage.swift in Sources */,
				C1E320D12866AA57003C9F41 /* BadgeBackground.swift in Sources */,
				C18682EA283F713900F5F308 /* Landmark.swift in Sources */,
				C1E320CF2866A884003C9F41 /* HexagonParameters.swift in Sources */,
				C18682FA283F791400F5F308 /* LandmarkRow.swift in Sources */,
				C18682EC283F73C400F5F308 /* ModelData.swift in Sources */,
			);
			runOnlyForDeploymentPostprocessing = 0;
		};
		C18682C2283F5E8500F5F308 /* Sources */ = {
			isa = PBXSourcesBuildPhase;
			buildActionMask = 2147483647;
			files = (
				C18682CB283F5E8500F5F308 /* SwiftUITutorialsTests.swift in Sources */,
			);
			runOnlyForDeploymentPostprocessing = 0;
		};
		C18682CC283F5E8500F5F308 /* Sources */ = {
			isa = PBXSourcesBuildPhase;
			buildActionMask = 2147483647;
			files = (
				C18682D7283F5E8500F5F308 /* SwiftUITutorialsUITestsLaunchTests.swift in Sources */,
				C18682D5283F5E8500F5F308 /* SwiftUITutorialsUITests.swift in Sources */,
			);
			runOnlyForDeploymentPostprocessing = 0;
		};
/* End PBXSourcesBuildPhase section */

/* Begin PBXTargetDependency section */
		C18682C8283F5E8500F5F308 /* PBXTargetDependency */ = {
			isa = PBXTargetDependency;
			target = C18682B5283F5E8100F5F308 /* SwiftUITutorials */;
			targetProxy = C18682C7283F5E8500F5F308 /* PBXContainerItemProxy */;
		};
		C18682D2283F5E8500F5F308 /* PBXTargetDependency */ = {
			isa = PBXTargetDependency;
			target = C18682B5283F5E8100F5F308 /* SwiftUITutorials */;
			targetProxy = C18682D1283F5E8500F5F308 /* PBXContainerItemProxy */;
		};
/* End PBXTargetDependency section */

/* Begin XCBuildConfiguration section */
		C18682D8283F5E8500F5F308 /* Debug */ = {
			isa = XCBuildConfiguration;
			buildSettings = {
				ALWAYS_SEARCH_USER_PATHS = NO;
				CLANG_ANALYZER_NONNULL = YES;
				CLANG_ANALYZER_NUMBER_OBJECT_CONVERSION = YES_AGGRESSIVE;
				CLANG_CXX_LANGUAGE_STANDARD = "gnu++17";
				CLANG_ENABLE_MODULES = YES;
				CLANG_ENABLE_OBJC_ARC = YES;
				CLANG_ENABLE_OBJC_WEAK = YES;
				CLANG_WARN_BLOCK_CAPTURE_AUTORELEASING = YES;
				CLANG_WARN_BOOL_CONVERSION = YES;
				CLANG_WARN_COMMA = YES;
				CLANG_WARN_CONSTANT_CONVERSION = YES;
				CLANG_WARN_DEPRECATED_OBJC_IMPLEMENTATIONS = YES;
				CLANG_WARN_DIRECT_OBJC_ISA_USAGE = YES_ERROR;
				CLANG_WARN_DOCUMENTATION_COMMENTS = YES;
				CLANG_WARN_EMPTY_BODY = YES;
				CLANG_WARN_ENUM_CONVERSION = YES;
				CLANG_WARN_INFINITE_RECURSION = YES;
				CLANG_WARN_INT_CONVERSION = YES;
				CLANG_WARN_NON_LITERAL_NULL_CONVERSION = YES;
				CLANG_WARN_OBJC_IMPLICIT_RETAIN_SELF = YES;
				CLANG_WARN_OBJC_LITERAL_CONVERSION = YES;
				CLANG_WARN_OBJC_ROOT_CLASS = YES_ERROR;
				CLANG_WARN_QUOTED_INCLUDE_IN_FRAMEWORK_HEADER = YES;
				CLANG_WARN_RANGE_LOOP_ANALYSIS = YES;
				CLANG_WARN_STRICT_PROTOTYPES = YES;
				CLANG_WARN_SUSPICIOUS_MOVE = YES;
				CLANG_WARN_UNGUARDED_AVAILABILITY = YES_AGGRESSIVE;
				CLANG_WARN_UNREACHABLE_CODE = YES;
				CLANG_WARN__DUPLICATE_METHOD_MATCH = YES;
				COPY_PHASE_STRIP = NO;
				DEBUG_INFORMATION_FORMAT = dwarf;
				ENABLE_STRICT_OBJC_MSGSEND = YES;
				ENABLE_TESTABILITY = YES;
				GCC_C_LANGUAGE_STANDARD = gnu11;
				GCC_DYNAMIC_NO_PIC = NO;
				GCC_NO_COMMON_BLOCKS = YES;
				GCC_OPTIMIZATION_LEVEL = 0;
				GCC_PREPROCESSOR_DEFINITIONS = (
					"DEBUG=1",
					"$(inherited)",
				);
				GCC_WARN_64_TO_32_BIT_CONVERSION = YES;
				GCC_WARN_ABOUT_RETURN_TYPE = YES_ERROR;
				GCC_WARN_UNDECLARED_SELECTOR = YES;
				GCC_WARN_UNINITIALIZED_AUTOS = YES_AGGRESSIVE;
				GCC_WARN_UNUSED_FUNCTION = YES;
				GCC_WARN_UNUSED_VARIABLE = YES;
				IPHONEOS_DEPLOYMENT_TARGET = 15.5;
				MTL_ENABLE_DEBUG_INFO = INCLUDE_SOURCE;
				MTL_FAST_MATH = YES;
				ONLY_ACTIVE_ARCH = YES;
				SDKROOT = iphoneos;
				SWIFT_ACTIVE_COMPILATION_CONDITIONS = DEBUG;
				SWIFT_OPTIMIZATION_LEVEL = "-Onone";
			};
			name = Debug;
		};
		C18682D9283F5E8500F5F308 /* Release */ = {
			isa = XCBuildConfiguration;
			buildSettings = {
				ALWAYS_SEARCH_USER_PATHS = NO;
				CLANG_ANALYZER_NONNULL = YES;
				CLANG_ANALYZER_NUMBER_OBJECT_CONVERSION = YES_AGGRESSIVE;
				CLANG_CXX_LANGUAGE_STANDARD = "gnu++17";
				CLANG_ENABLE_MODULES = YES;
				CLANG_ENABLE_OBJC_ARC = YES;
				CLANG_ENABLE_OBJC_WEAK = YES;
				CLANG_WARN_BLOCK_CAPTURE_AUTORELEASING = YES;
				CLANG_WARN_BOOL_CONVERSION = YES;
				CLANG_WARN_COMMA = YES;
				CLANG_WARN_CONSTANT_CONVERSION = YES;
				CLANG_WARN_DEPRECATED_OBJC_IMPLEMENTATIONS = YES;
				CLANG_WARN_DIRECT_OBJC_ISA_USAGE = YES_ERROR;
				CLANG_WARN_DOCUMENTATION_COMMENTS = YES;
				CLANG_WARN_EMPTY_BODY = YES;
				CLANG_WARN_ENUM_CONVERSION = YES;
				CLANG_WARN_INFINITE_RECURSION = YES;
				CLANG_WARN_INT_CONVERSION = YES;
				CLANG_WARN_NON_LITERAL_NULL_CONVERSION = YES;
				CLANG_WARN_OBJC_IMPLICIT_RETAIN_SELF = YES;
				CLANG_WARN_OBJC_LITERAL_CONVERSION = YES;
				CLANG_WARN_OBJC_ROOT_CLASS = YES_ERROR;
				CLANG_WARN_QUOTED_INCLUDE_IN_FRAMEWORK_HEADER = YES;
				CLANG_WARN_RANGE_LOOP_ANALYSIS = YES;
				CLANG_WARN_STRICT_PROTOTYPES = YES;
				CLANG_WARN_SUSPICIOUS_MOVE = YES;
				CLANG_WARN_UNGUARDED_AVAILABILITY = YES_AGGRESSIVE;
				CLANG_WARN_UNREACHABLE_CODE = YES;
				CLANG_WARN__DUPLICATE_METHOD_MATCH = YES;
				COPY_PHASE_STRIP = NO;
				DEBUG_INFORMATION_FORMAT = "dwarf-with-dsym";
				ENABLE_NS_ASSERTIONS = NO;
				ENABLE_STRICT_OBJC_MSGSEND = YES;
				GCC_C_LANGUAGE_STANDARD = gnu11;
				GCC_NO_COMMON_BLOCKS = YES;
				GCC_WARN_64_TO_32_BIT_CONVERSION = YES;
				GCC_WARN_ABOUT_RETURN_TYPE = YES_ERROR;
				GCC_WARN_UNDECLARED_SELECTOR = YES;
				GCC_WARN_UNINITIALIZED_AUTOS = YES_AGGRESSIVE;
				GCC_WARN_UNUSED_FUNCTION = YES;
				GCC_WARN_UNUSED_VARIABLE = YES;
				IPHONEOS_DEPLOYMENT_TARGET = 15.5;
				MTL_ENABLE_DEBUG_INFO = NO;
				MTL_FAST_MATH = YES;
				SDKROOT = iphoneos;
				SWIFT_COMPILATION_MODE = wholemodule;
				SWIFT_OPTIMIZATION_LEVEL = "-O";
				VALIDATE_PRODUCT = YES;
			};
			name = Release;
		};
		C18682DB283F5E8500F5F308 /* Debug */ = {
			isa = XCBuildConfiguration;
			buildSettings = {
				ASSETCATALOG_COMPILER_APPICON_NAME = AppIcon;
				ASSETCATALOG_COMPILER_GLOBAL_ACCENT_COLOR_NAME = AccentColor;
				CODE_SIGN_IDENTITY = "Apple Development";
				CODE_SIGN_STYLE = Automatic;
				CURRENT_PROJECT_VERSION = 1;
				DEVELOPMENT_ASSET_PATHS = "\"SwiftUITutorials/Preview Content\"";
				DEVELOPMENT_TEAM = PW2WKDC65M;
				ENABLE_PREVIEWS = YES;
				GENERATE_INFOPLIST_FILE = YES;
				INFOPLIST_KEY_UIApplicationSceneManifest_Generation = YES;
				INFOPLIST_KEY_UIApplicationSupportsIndirectInputEvents = YES;
				INFOPLIST_KEY_UILaunchScreen_Generation = YES;
				INFOPLIST_KEY_UISupportedInterfaceOrientations_iPad = "UIInterfaceOrientationPortrait UIInterfaceOrientationPortraitUpsideDown UIInterfaceOrientationLandscapeLeft UIInterfaceOrientationLandscapeRight";
				INFOPLIST_KEY_UISupportedInterfaceOrientations_iPhone = "UIInterfaceOrientationPortrait UIInterfaceOrientationLandscapeLeft UIInterfaceOrientationLandscapeRight";
				LD_RUNPATH_SEARCH_PATHS = (
					"$(inherited)",
					"@executable_path/Frameworks",
				);
				MARKETING_VERSION = 1.0;
				PRODUCT_BUNDLE_IDENTIFIER = cn.acyco.SwiftUITutorials;
				PRODUCT_NAME = "$(TARGET_NAME)";
				PROVISIONING_PROFILE_SPECIFIER = "";
				SWIFT_EMIT_LOC_STRINGS = YES;
				SWIFT_VERSION = 5.0;
				TARGETED_DEVICE_FAMILY = "1,2";
			};
			name = Debug;
		};
		C18682DC283F5E8500F5F308 /* Release */ = {
			isa = XCBuildConfiguration;
			buildSettings = {
				ASSETCATALOG_COMPILER_APPICON_NAME = AppIcon;
				ASSETCATALOG_COMPILER_GLOBAL_ACCENT_COLOR_NAME = AccentColor;
				CODE_SIGN_IDENTITY = "Apple Development";
				CODE_SIGN_STYLE = Automatic;
				CURRENT_PROJECT_VERSION = 1;
				DEVELOPMENT_ASSET_PATHS = "\"SwiftUITutorials/Preview Content\"";
				DEVELOPMENT_TEAM = PW2WKDC65M;
				ENABLE_PREVIEWS = YES;
				GENERATE_INFOPLIST_FILE = YES;
				INFOPLIST_KEY_UIApplicationSceneManifest_Generation = YES;
				INFOPLIST_KEY_UIApplicationSupportsIndirectInputEvents = YES;
				INFOPLIST_KEY_UILaunchScreen_Generation = YES;
				INFOPLIST_KEY_UISupportedInterfaceOrientations_iPad = "UIInterfaceOrientationPortrait UIInterfaceOrientationPortraitUpsideDown UIInterfaceOrientationLandscapeLeft UIInterfaceOrientationLandscapeRight";
				INFOPLIST_KEY_UISupportedInterfaceOrientations_iPhone = "UIInterfaceOrientationPortrait UIInterfaceOrientationLandscapeLeft UIInterfaceOrientationLandscapeRight";
				LD_RUNPATH_SEARCH_PATHS = (
					"$(inherited)",
					"@executable_path/Frameworks",
				);
				MARKETING_VERSION = 1.0;
				PRODUCT_BUNDLE_IDENTIFIER = cn.acyco.SwiftUITutorials;
				PRODUCT_NAME = "$(TARGET_NAME)";
				PROVISIONING_PROFILE_SPECIFIER = "";
				SWIFT_EMIT_LOC_STRINGS = YES;
				SWIFT_VERSION = 5.0;
				TARGETED_DEVICE_FAMILY = "1,2";
			};
			name = Release;
		};
		C18682DE283F5E8500F5F308 /* Debug */ = {
			isa = XCBuildConfiguration;
			buildSettings = {
				ALWAYS_EMBED_SWIFT_STANDARD_LIBRARIES = YES;
				BUNDLE_LOADER = "$(TEST_HOST)";
				CODE_SIGN_STYLE = Automatic;
				CURRENT_PROJECT_VERSION = 1;
				GENERATE_INFOPLIST_FILE = YES;
				IPHONEOS_DEPLOYMENT_TARGET = 15.5;
				MARKETING_VERSION = 1.0;
				PRODUCT_BUNDLE_IDENTIFIER = cn.acyco.SwiftUITutorialsTests;
				PRODUCT_NAME = "$(TARGET_NAME)";
				SWIFT_EMIT_LOC_STRINGS = NO;
				SWIFT_VERSION = 5.0;
				TARGETED_DEVICE_FAMILY = "1,2";
				TEST_HOST = "$(BUILT_PRODUCTS_DIR)/SwiftUITutorials.app/SwiftUITutorials";
			};
			name = Debug;
		};
		C18682DF283F5E8500F5F308 /* Release */ = {
			isa = XCBuildConfiguration;
			buildSettings = {
				ALWAYS_EMBED_SWIFT_STANDARD_LIBRARIES = YES;
				BUNDLE_LOADER = "$(TEST_HOST)";
				CODE_SIGN_STYLE = Automatic;
				CURRENT_PROJECT_VERSION = 1;
				GENERATE_INFOPLIST_FILE = YES;
				IPHONEOS_DEPLOYMENT_TARGET = 15.5;
				MARKETING_VERSION = 1.0;
				PRODUCT_BUNDLE_IDENTIFIER = cn.acyco.SwiftUITutorialsTests;
				PRODUCT_NAME = "$(TARGET_NAME)";
				SWIFT_EMIT_LOC_STRINGS = NO;
				SWIFT_VERSION = 5.0;
				TARGETED_DEVICE_FAMILY = "1,2";
				TEST_HOST = "$(BUILT_PRODUCTS_DIR)/SwiftUITutorials.app/SwiftUITutorials";
			};
			name = Release;
		};
		C18682E1283F5E8500F5F308 /* Debug */ = {
			isa = XCBuildConfiguration;
			buildSettings = {
				ALWAYS_EMBED_SWIFT_STANDARD_LIBRARIES = YES;
				CODE_SIGN_STYLE = Automatic;
				CURRENT_PROJECT_VERSION = 1;
				GENERATE_INFOPLIST_FILE = YES;
				MARKETING_VERSION = 1.0;
				PRODUCT_BUNDLE_IDENTIFIER = cn.acyco.SwiftUITutorialsUITests;
				PRODUCT_NAME = "$(TARGET_NAME)";
				SWIFT_EMIT_LOC_STRINGS = NO;
				SWIFT_VERSION = 5.0;
				TARGETED_DEVICE_FAMILY = "1,2";
				TEST_TARGET_NAME = SwiftUITutorials;
			};
			name = Debug;
		};
		C18682E2283F5E8500F5F308 /* Release */ = {
			isa = XCBuildConfiguration;
			buildSettings = {
				ALWAYS_EMBED_SWIFT_STANDARD_LIBRARIES = YES;
				CODE_SIGN_STYLE = Automatic;
				CURRENT_PROJECT_VERSION = 1;
				GENERATE_INFOPLIST_FILE = YES;
				MARKETING_VERSION = 1.0;
				PRODUCT_BUNDLE_IDENTIFIER = cn.acyco.SwiftUITutorialsUITests;
				PRODUCT_NAME = "$(TARGET_NAME)";
				SWIFT_EMIT_LOC_STRINGS = NO;
				SWIFT_VERSION = 5.0;
				TARGETED_DEVICE_FAMILY = "1,2";
				TEST_TARGET_NAME = SwiftUITutorials;
			};
			name = Release;
		};
/* End XCBuildConfiguration section */

/* Begin XCConfigurationList section */
		C18682B1283F5E8100F5F308 /* Build configuration list for PBXProject "SwiftUITutorials" */ = {
			isa = XCConfigurationList;
			buildConfigurations = (
				C18682D8283F5E8500F5F308 /* Debug */,
				C18682D9283F5E8500F5F308 /* Release */,
			);
			defaultConfigurationIsVisible = 0;
			defaultConfigurationName = Release;
		};
		C18682DA283F5E8500F5F308 /* Build configuration list for PBXNativeTarget "SwiftUITutorials" */ = {
			isa = XCConfigurationList;
			buildConfigurations = (
				C18682DB283F5E8500F5F308 /* Debug */,
				C18682DC283F5E8500F5F308 /* Release */,
			);
			defaultConfigurationIsVisible = 0;
			defaultConfigurationName = Release;
		};
		C18682DD283F5E8500F5F308 /* Build configuration list for PBXNativeTarget "SwiftUITutorialsTests" */ = {
			isa = XCConfigurationList;
			buildConfigurations = (
				C18682DE283F5E8500F5F308 /* Debug */,
				C18682DF283F5E8500F5F308 /* Release */,
			);
			defaultConfigurationIsVisible = 0;
			defaultConfigurationName = Release;
		};
		C18682E0283F5E8500F5F308 /* Build configuration list for PBXNativeTarget "SwiftUITutorialsUITests" */ = {
			isa = XCConfigurationList;
			buildConfigurations = (
				C18682E1283F5E8500F5F308 /* Debug */,
				C18682E2283F5E8500F5F308 /* Release */,
			);
			defaultConfigurationIsVisible = 0;
			defaultConfigurationName = Release;
		};
/* End XCConfigurationList section */
	};
	rootObject = C18682AE283F5E8100F5F308 /* Project object */;
}
